
Microsoft Visual Studio Solution File, Format Version 12.00
# Visual Studio Version 17
VisualStudioVersion = 17.5.33424.131
MinimumVisualStudioVersion = 10.0.40219.1
Project("{FAE04EC0-301F-11D3-BF4B-00C04F79EFBC}") = "ChalangeApp", "ChalangeApp\ChalangeApp.csproj", "{2D3BB821-ABA3-4588-8765-DF424E23DABD}"
EndProject
Global
	GlobalSection(SolutionConfigurationPlatforms) = preSolution
		Debug|Any CPU = Debug|Any CPU
		Release|Any CPU = Release|Any CPU
	EndGlobalSection
	GlobalSection(ProjectConfigurationPlatforms) = postSolution
		{2D3BB821-ABA3-4588-8765-DF424E23DABD}.Debug|Any CPU.ActiveCfg = Debug|Any CPU
		{2D3BB821-ABA3-4588-8765-DF424E23DABD}.Debug|Any CPU.Build.0 = Debug|Any CPU
		{2D3BB821-ABA3-4588-8765-DF424E23DABD}.Release|Any CPU.ActiveCfg = Release|Any CPU
		{2D3BB821-ABA3-4588-8765-DF424E23DABD}.Release|Any CPU.Build.0 = Release|Any CPU
	EndGlobalSection
	GlobalSection(SolutionProperties) = preSolution
		HideSolutionNode = FALSE
	EndGlobalSection
	GlobalSection(ExtensibilityGlobals) = postSolution
		SolutionGuid = {29A4EAA0-F9A7-4981-B422-595E0EC02D32}
	EndGlobalSection
EndGlobal
